{
  "meteor": {},
  "dependencies": {
    "basePackages": {
      "famous-components": {
        "path": "."
      }
    },
    "packages": {
      "famous-components": {
        "path": "."
      },
      "pince": {
        "git": "https://github.com/mad-eye/pince.git",
        "tag": "v0.0.5",
        "commit": "4524ecc0bdf043c49dc62e91bbd8a99c661081ed"
      }
    }
  }
}
